
Microsoft Visual Studio Solution File, Format Version 12.00
# Visual Studio Version 17
VisualStudioVersion = 17.1.32421.90
MinimumVisualStudioVersion = 10.0.40219.1
Project("{FAE04EC0-301F-11D3-BF4B-00C04F79EFBC}") = "password-generator", "password-generator\password-generator.csproj", "{2EAAAC70-F9AD-4792-A48D-0C146A7CA351}"
EndProject
Global
	GlobalSection(SolutionConfigurationPlatforms) = preSolution
		Debug|Any CPU = Debug|Any CPU
		Release|Any CPU = Release|Any CPU
	EndGlobalSection
	GlobalSection(ProjectConfigurationPlatforms) = postSolution
		{2EAAAC70-F9AD-4792-A48D-0C146A7CA351}.Debug|Any CPU.ActiveCfg = Debug|Any CPU
		{2EAAAC70-F9AD-4792-A48D-0C146A7CA351}.Debug|Any CPU.Build.0 = Debug|Any CPU
		{2EAAAC70-F9AD-4792-A48D-0C146A7CA351}.Release|Any CPU.ActiveCfg = Release|Any CPU
		{2EAAAC70-F9AD-4792-A48D-0C146A7CA351}.Release|Any CPU.Build.0 = Release|Any CPU
	EndGlobalSection
	GlobalSection(SolutionProperties) = preSolution
		HideSolutionNode = FALSE
	EndGlobalSection
	GlobalSection(ExtensibilityGlobals) = postSolution
		SolutionGuid = {08003532-6520-4A58-B27A-E2C016DC2282}
	EndGlobalSection
EndGlobal
